
Microsoft Visual Studio Solution File, Format Version 12.00
# Visual Studio Version 16
VisualStudioVersion = 16.0.28922.388
MinimumVisualStudioVersion = 10.0.40219.1
Project("{FAE04EC0-301F-11D3-BF4B-00C04F79EFBC}") = "ConsoleApp1", "ConsoleApp1\ConsoleApp1.csproj", "{918B02EB-A2F3-42D8-9738-5E7997675E58}"
EndProject
Global
	GlobalSection(SolutionConfigurationPlatforms) = preSolution
		Debug|Any CPU = Debug|Any CPU
		Release|Any CPU = Release|Any CPU
	EndGlobalSection
	GlobalSection(ProjectConfigurationPlatforms) = postSolution
		{918B02EB-A2F3-42D8-9738-5E7997675E58}.Debug|Any CPU.ActiveCfg = Debug|Any CPU
		{918B02EB-A2F3-42D8-9738-5E7997675E58}.Debug|Any CPU.Build.0 = Debug|Any CPU
		{918B02EB-A2F3-42D8-9738-5E7997675E58}.Release|Any CPU.ActiveCfg = Release|Any CPU
		{918B02EB-A2F3-42D8-9738-5E7997675E58}.Release|Any CPU.Build.0 = Release|Any CPU
	EndGlobalSection
	GlobalSection(SolutionProperties) = preSolution
		HideSolutionNode = FALSE
	EndGlobalSection
	GlobalSection(ExtensibilityGlobals) = postSolution
		SolutionGuid = {005926D1-71CD-446C-9B3B-702C461E810D}
	EndGlobalSection
EndGlobal
